
Microsoft Visual Studio Solution File, Format Version 12.00
# Visual Studio Version 16
VisualStudioVersion = 16.0.31624.102
MinimumVisualStudioVersion = 10.0.40219.1
Project("{FAE04EC0-301F-11D3-BF4B-00C04F79EFBC}") = "CentralKarateWorkoutScheduler", "CentralKarateWorkoutScheduler\CentralKarateWorkoutScheduler.csproj", "{44C79007-D72D-4BFA-A01A-C559965A3196}"
EndProject
Global
	GlobalSection(SolutionConfigurationPlatforms) = preSolution
		Debug|Any CPU = Debug|Any CPU
		Release|Any CPU = Release|Any CPU
	EndGlobalSection
	GlobalSection(ProjectConfigurationPlatforms) = postSolution
		{44C79007-D72D-4BFA-A01A-C559965A3196}.Debug|Any CPU.ActiveCfg = Debug|Any CPU
		{44C79007-D72D-4BFA-A01A-C559965A3196}.Debug|Any CPU.Build.0 = Debug|Any CPU
		{44C79007-D72D-4BFA-A01A-C559965A3196}.Release|Any CPU.ActiveCfg = Release|Any CPU
		{44C79007-D72D-4BFA-A01A-C559965A3196}.Release|Any CPU.Build.0 = Release|Any CPU
	EndGlobalSection
	GlobalSection(SolutionProperties) = preSolution
		HideSolutionNode = FALSE
	EndGlobalSection
	GlobalSection(ExtensibilityGlobals) = postSolution
		SolutionGuid = {E8636BFC-6F8B-4D0F-9CF5-1A35366872B9}
	EndGlobalSection
EndGlobal
